
Microsoft Visual Studio Solution File, Format Version 12.00
# Visual Studio Version 17
VisualStudioVersion = 17.8.34330.188
MinimumVisualStudioVersion = 10.0.40219.1
Project("{FAE04EC0-301F-11D3-BF4B-00C04F79EFBC}") = "ConsoleApp1", "ConsoleApp1\ConsoleApp1.csproj", "{8FA0B521-3556-433B-92A2-C521365D99DA}"
EndProject
Global
	GlobalSection(SolutionConfigurationPlatforms) = preSolution
		Debug|Any CPU = Debug|Any CPU
		Release|Any CPU = Release|Any CPU
	EndGlobalSection
	GlobalSection(ProjectConfigurationPlatforms) = postSolution
		{8FA0B521-3556-433B-92A2-C521365D99DA}.Debug|Any CPU.ActiveCfg = Debug|Any CPU
		{8FA0B521-3556-433B-92A2-C521365D99DA}.Debug|Any CPU.Build.0 = Debug|Any CPU
		{8FA0B521-3556-433B-92A2-C521365D99DA}.Release|Any CPU.ActiveCfg = Release|Any CPU
		{8FA0B521-3556-433B-92A2-C521365D99DA}.Release|Any CPU.Build.0 = Release|Any CPU
	EndGlobalSection
	GlobalSection(SolutionProperties) = preSolution
		HideSolutionNode = FALSE
	EndGlobalSection
	GlobalSection(ExtensibilityGlobals) = postSolution
		SolutionGuid = {58B408D9-4E99-4FFC-9B5E-9D85C8BB9046}
	EndGlobalSection
EndGlobal
